#
# This file is autogenerated by pip-compile with Python 3.14
# by the following command:
#
#    pip-compile --extra=dev --output-file=requirements.lock pyproject.toml
#
ast-serialize==0.6.0
    # via mypy
cffi==2.0.0
    # via cryptography
colorama==0.4.6
    # via pytest
cryptography==49.0.0
    # via acp-cc-practice (pyproject.toml)
iniconfig==2.3.0
    # via pytest
librt==0.12.0
    # via mypy
lxml==6.1.1
    # via python-docx
mypy==2.1.0
    # via acp-cc-practice (pyproject.toml)
mypy-extensions==1.1.0
    # via mypy
packaging==26.2
    # via pytest
pathspec==1.1.1
    # via mypy
pluggy==1.6.0
    # via pytest
pycparser==3.0
    # via cffi
pygments==2.20.0
    # via pytest
pytest==9.1.1
    # via acp-cc-practice (pyproject.toml)
python-docx==1.2.0
    # via acp-cc-practice (pyproject.toml)
ruff==0.15.20
    # via acp-cc-practice (pyproject.toml)
typing-extensions==4.15.0
    # via
    #   mypy
    #   python-docx
